
Microsoft Visual Studio Solution File, Format Version 12.00
# Visual Studio 15
VisualStudioVersion = 15.0.27428.2037
MinimumVisualStudioVersion = 10.0.40219.1
Project("{FAE04EC0-301F-11D3-BF4B-00C04F79EFBC}") = "ZSZ.Web", "ZSZ.Web\ZSZ.Web.csproj", "{9B904C8F-B9C6-4970-BD6F-D8DE33ED0A7E}"
EndProject
Global
	GlobalSection(SolutionConfigurationPlatforms) = preSolution
		Debug|Any CPU = Debug|Any CPU
		Release|Any CPU = Release|Any CPU
	EndGlobalSection
	GlobalSection(ProjectConfigurationPlatforms) = postSolution
		{9B904C8F-B9C6-4970-BD6F-D8DE33ED0A7E}.Debug|Any CPU.ActiveCfg = Debug|Any CPU
		{9B904C8F-B9C6-4970-BD6F-D8DE33ED0A7E}.Debug|Any CPU.Build.0 = Debug|Any CPU
		{9B904C8F-B9C6-4970-BD6F-D8DE33ED0A7E}.Release|Any CPU.ActiveCfg = Release|Any CPU
		{9B904C8F-B9C6-4970-BD6F-D8DE33ED0A7E}.Release|Any CPU.Build.0 = Release|Any CPU
	EndGlobalSection
	GlobalSection(SolutionProperties) = preSolution
		HideSolutionNode = FALSE
	EndGlobalSection
	GlobalSection(ExtensibilityGlobals) = postSolution
		SolutionGuid = {74F6B234-742D-491E-A331-C8084C48369C}
	EndGlobalSection
EndGlobal
